
Microsoft Visual Studio Solution File, Format Version 12.00
# Visual Studio Version 17
VisualStudioVersion = 17.4.33205.214
MinimumVisualStudioVersion = 10.0.40219.1
Project("{FAE04EC0-301F-11D3-BF4B-00C04F79EFBC}") = "NZWalks.API", "NZWalks.API\NZWalks.API.csproj", "{72A27770-1C50-4B16-9784-AACD604A308B}"
EndProject
Global
	GlobalSection(SolutionConfigurationPlatforms) = preSolution
		Debug|Any CPU = Debug|Any CPU
		Release|Any CPU = Release|Any CPU
	EndGlobalSection
	GlobalSection(ProjectConfigurationPlatforms) = postSolution
		{72A27770-1C50-4B16-9784-AACD604A308B}.Debug|Any CPU.ActiveCfg = Debug|Any CPU
		{72A27770-1C50-4B16-9784-AACD604A308B}.Debug|Any CPU.Build.0 = Debug|Any CPU
		{72A27770-1C50-4B16-9784-AACD604A308B}.Release|Any CPU.ActiveCfg = Release|Any CPU
		{72A27770-1C50-4B16-9784-AACD604A308B}.Release|Any CPU.Build.0 = Release|Any CPU
	EndGlobalSection
	GlobalSection(SolutionProperties) = preSolution
		HideSolutionNode = FALSE
	EndGlobalSection
	GlobalSection(ExtensibilityGlobals) = postSolution
		SolutionGuid = {F5A3105E-2F37-4777-8F44-616122F25F39}
	EndGlobalSection
EndGlobal
